{
  "name": "array-transform-example",
  "version": "1.0.0",
  "lockfileVersion": 1,
  "requires": true,
  "dependencies": {
    "@kirbiatev/array-transformer": {
      "version": "0.0.2",
      "resolved": "https://registry.npmjs.org/@kirbiatev/array-transformer/-/array-transformer-0.0.2.tgz",
      "integrity": "sha512-1NIM9YMq5sFbo6DcGjSeBGxmiN9KVbAVhDFt3v5rs5fEOARV9Qz7LpX8v7G6aj1q/7fguQaGYT+CFg0LyKAkxg=="
    }
  }
}
